
Microsoft Visual Studio Solution File, Format Version 12.00
# Blend for Visual Studio Version 16
VisualStudioVersion = 16.0.30907.101
MinimumVisualStudioVersion = 10.0.40219.1
Project("{FAE04EC0-301F-11D3-BF4B-00C04F79EFBC}") = "Puzzle", "Puzzle\Puzzle.csproj", "{3F1AA148-C4B0-49BC-8D4F-899AB5750B76}"
EndProject
Project("{FAE04EC0-301F-11D3-BF4B-00C04F79EFBC}") = "ClassLibrary", "ClassLibrary\ClassLibrary.csproj", "{9875AE14-9D87-41B7-A3F3-2BC1BAB428C6}"
EndProject
Global
	GlobalSection(SolutionConfigurationPlatforms) = preSolution
		Debug|Any CPU = Debug|Any CPU
		Release|Any CPU = Release|Any CPU
	EndGlobalSection
	GlobalSection(ProjectConfigurationPlatforms) = postSolution
		{3F1AA148-C4B0-49BC-8D4F-899AB5750B76}.Debug|Any CPU.ActiveCfg = Debug|Any CPU
		{3F1AA148-C4B0-49BC-8D4F-899AB5750B76}.Debug|Any CPU.Build.0 = Debug|Any CPU
		{3F1AA148-C4B0-49BC-8D4F-899AB5750B76}.Release|Any CPU.ActiveCfg = Release|Any CPU
		{3F1AA148-C4B0-49BC-8D4F-899AB5750B76}.Release|Any CPU.Build.0 = Release|Any CPU
		{9875AE14-9D87-41B7-A3F3-2BC1BAB428C6}.Debug|Any CPU.ActiveCfg = Debug|Any CPU
		{9875AE14-9D87-41B7-A3F3-2BC1BAB428C6}.Debug|Any CPU.Build.0 = Debug|Any CPU
		{9875AE14-9D87-41B7-A3F3-2BC1BAB428C6}.Release|Any CPU.ActiveCfg = Release|Any CPU
		{9875AE14-9D87-41B7-A3F3-2BC1BAB428C6}.Release|Any CPU.Build.0 = Release|Any CPU
	EndGlobalSection
	GlobalSection(SolutionProperties) = preSolution
		HideSolutionNode = FALSE
	EndGlobalSection
	GlobalSection(ExtensibilityGlobals) = postSolution
		SolutionGuid = {4F75DA2B-DA96-4358-A364-B58444E4DDA9}
	EndGlobalSection
EndGlobal
